
Microsoft Visual Studio Solution File, Format Version 12.00
# Visual Studio Version 16
VisualStudioVersion = 16.0.31205.134
MinimumVisualStudioVersion = 10.0.40219.1
Project("{FAE04EC0-301F-11D3-BF4B-00C04F79EFBC}") = "Solid", "Solid\Solid.csproj", "{C72E3137-9ECB-4B99-A5DB-EB24762622BF}"
EndProject
Global
	GlobalSection(SolutionConfigurationPlatforms) = preSolution
		Debug|Any CPU = Debug|Any CPU
		Release|Any CPU = Release|Any CPU
	EndGlobalSection
	GlobalSection(ProjectConfigurationPlatforms) = postSolution
		{C72E3137-9ECB-4B99-A5DB-EB24762622BF}.Debug|Any CPU.ActiveCfg = Debug|Any CPU
		{C72E3137-9ECB-4B99-A5DB-EB24762622BF}.Debug|Any CPU.Build.0 = Debug|Any CPU
		{C72E3137-9ECB-4B99-A5DB-EB24762622BF}.Release|Any CPU.ActiveCfg = Release|Any CPU
		{C72E3137-9ECB-4B99-A5DB-EB24762622BF}.Release|Any CPU.Build.0 = Release|Any CPU
	EndGlobalSection
	GlobalSection(SolutionProperties) = preSolution
		HideSolutionNode = FALSE
	EndGlobalSection
	GlobalSection(ExtensibilityGlobals) = postSolution
		SolutionGuid = {7068DBDD-B561-43BC-B737-05113C906469}
	EndGlobalSection
EndGlobal
